
Microsoft Visual Studio Solution File, Format Version 12.00
# Visual Studio Express 15 for Windows Desktop
VisualStudioVersion = 15.0.28307.1800
MinimumVisualStudioVersion = 10.0.40219.1
Project("{F184B08F-C81C-45F6-A57F-5ABD9991F28F}") = "LST", "LST\LST.vbproj", "{9A4E70CB-EFB1-4FD6-B135-62FEA12A9897}"
EndProject
Global
	GlobalSection(SolutionConfigurationPlatforms) = preSolution
		Debug|Any CPU = Debug|Any CPU
		Release|Any CPU = Release|Any CPU
	EndGlobalSection
	GlobalSection(ProjectConfigurationPlatforms) = postSolution
		{9A4E70CB-EFB1-4FD6-B135-62FEA12A9897}.Debug|Any CPU.ActiveCfg = Debug|Any CPU
		{9A4E70CB-EFB1-4FD6-B135-62FEA12A9897}.Debug|Any CPU.Build.0 = Debug|Any CPU
		{9A4E70CB-EFB1-4FD6-B135-62FEA12A9897}.Release|Any CPU.ActiveCfg = Release|Any CPU
		{9A4E70CB-EFB1-4FD6-B135-62FEA12A9897}.Release|Any CPU.Build.0 = Release|Any CPU
	EndGlobalSection
	GlobalSection(SolutionProperties) = preSolution
		HideSolutionNode = FALSE
	EndGlobalSection
	GlobalSection(ExtensibilityGlobals) = postSolution
		SolutionGuid = {E6B1DA3F-1F98-4250-9814-8E684831CC12}
	EndGlobalSection
EndGlobal
